
Microsoft Visual Studio Solution File, Format Version 12.00
# Visual Studio Version 17
VisualStudioVersion = 17.11.35208.52
MinimumVisualStudioVersion = 10.0.40219.1
Project("{9A19103F-16F7-4668-BE54-9A1E7A4F7556}") = "API", "API.csproj", "{2801B3BD-1291-48F4-83A9-7CC77B6FCDFA}"
EndProject
Global
	GlobalSection(SolutionConfigurationPlatforms) = preSolution
		Debug|Any CPU = Debug|Any CPU
		Release|Any CPU = Release|Any CPU
	EndGlobalSection
	GlobalSection(ProjectConfigurationPlatforms) = postSolution
		{2801B3BD-1291-48F4-83A9-7CC77B6FCDFA}.Debug|Any CPU.ActiveCfg = Debug|Any CPU
		{2801B3BD-1291-48F4-83A9-7CC77B6FCDFA}.Debug|Any CPU.Build.0 = Debug|Any CPU
		{2801B3BD-1291-48F4-83A9-7CC77B6FCDFA}.Release|Any CPU.ActiveCfg = Release|Any CPU
		{2801B3BD-1291-48F4-83A9-7CC77B6FCDFA}.Release|Any CPU.Build.0 = Release|Any CPU
	EndGlobalSection
	GlobalSection(SolutionProperties) = preSolution
		HideSolutionNode = FALSE
	EndGlobalSection
	GlobalSection(ExtensibilityGlobals) = postSolution
		SolutionGuid = {9BE39F13-C457-4BFE-8EE4-5EEE352084D4}
	EndGlobalSection
EndGlobal
